
Microsoft Visual Studio Solution File, Format Version 12.00
# Visual Studio Version 17
VisualStudioVersion = 17.7.34202.233
MinimumVisualStudioVersion = 10.0.40219.1
Project("{FAE04EC0-301F-11D3-BF4B-00C04F79EFBC}") = "CarModelApi", "CarModelApi\CarModelApi.csproj", "{98073562-7959-424A-8E6C-3FBEF862CF3F}"
EndProject
Project("{FAE04EC0-301F-11D3-BF4B-00C04F79EFBC}") = "CarModelRegister.Application", "CarModel.Application\CarModelRegister.Application.csproj", "{0468A975-CCC1-48FF-A3CE-7DAD2AC63823}"
EndProject
Project("{FAE04EC0-301F-11D3-BF4B-00C04F79EFBC}") = "CarModelRegister.Application.Abstraction", "CarModelRegister.Application.Abstraction\CarModelRegister.Application.Abstraction.csproj", "{4DCA63DD-35B2-4BC9-9CCC-EBF290D6E1D3}"
EndProject
Project("{FAE04EC0-301F-11D3-BF4B-00C04F79EFBC}") = "CarModelRegister.Application.Domain", "CarModelRegister.Application.Domain\CarModelRegister.Application.Domain.csproj", "{F1FE5101-D579-4E87-B329-E18C96CBEEC9}"
EndProject
Project("{FAE04EC0-301F-11D3-BF4B-00C04F79EFBC}") = "CarModelRegister.Application.Infra.Data", "CarModelRegister.Application.Infra.Data\CarModelRegister.Application.Infra.Data.csproj", "{8CB6B589-02EE-4210-B58E-8FE4480F4995}"
EndProject
Global
	GlobalSection(SolutionConfigurationPlatforms) = preSolution
		Debug|Any CPU = Debug|Any CPU
		Release|Any CPU = Release|Any CPU
	EndGlobalSection
	GlobalSection(ProjectConfigurationPlatforms) = postSolution
		{98073562-7959-424A-8E6C-3FBEF862CF3F}.Debug|Any CPU.ActiveCfg = Debug|Any CPU
		{98073562-7959-424A-8E6C-3FBEF862CF3F}.Debug|Any CPU.Build.0 = Debug|Any CPU
		{98073562-7959-424A-8E6C-3FBEF862CF3F}.Release|Any CPU.ActiveCfg = Release|Any CPU
		{98073562-7959-424A-8E6C-3FBEF862CF3F}.Release|Any CPU.Build.0 = Release|Any CPU
		{0468A975-CCC1-48FF-A3CE-7DAD2AC63823}.Debug|Any CPU.ActiveCfg = Debug|Any CPU
		{0468A975-CCC1-48FF-A3CE-7DAD2AC63823}.Debug|Any CPU.Build.0 = Debug|Any CPU
		{0468A975-CCC1-48FF-A3CE-7DAD2AC63823}.Release|Any CPU.ActiveCfg = Release|Any CPU
		{0468A975-CCC1-48FF-A3CE-7DAD2AC63823}.Release|Any CPU.Build.0 = Release|Any CPU
		{4DCA63DD-35B2-4BC9-9CCC-EBF290D6E1D3}.Debug|Any CPU.ActiveCfg = Debug|Any CPU
		{4DCA63DD-35B2-4BC9-9CCC-EBF290D6E1D3}.Debug|Any CPU.Build.0 = Debug|Any CPU
		{4DCA63DD-35B2-4BC9-9CCC-EBF290D6E1D3}.Release|Any CPU.ActiveCfg = Release|Any CPU
		{4DCA63DD-35B2-4BC9-9CCC-EBF290D6E1D3}.Release|Any CPU.Build.0 = Release|Any CPU
		{F1FE5101-D579-4E87-B329-E18C96CBEEC9}.Debug|Any CPU.ActiveCfg = Debug|Any CPU
		{F1FE5101-D579-4E87-B329-E18C96CBEEC9}.Debug|Any CPU.Build.0 = Debug|Any CPU
		{F1FE5101-D579-4E87-B329-E18C96CBEEC9}.Release|Any CPU.ActiveCfg = Release|Any CPU
		{F1FE5101-D579-4E87-B329-E18C96CBEEC9}.Release|Any CPU.Build.0 = Release|Any CPU
		{8CB6B589-02EE-4210-B58E-8FE4480F4995}.Debug|Any CPU.ActiveCfg = Debug|Any CPU
		{8CB6B589-02EE-4210-B58E-8FE4480F4995}.Debug|Any CPU.Build.0 = Debug|Any CPU
		{8CB6B589-02EE-4210-B58E-8FE4480F4995}.Release|Any CPU.ActiveCfg = Release|Any CPU
		{8CB6B589-02EE-4210-B58E-8FE4480F4995}.Release|Any CPU.Build.0 = Release|Any CPU
	EndGlobalSection
	GlobalSection(SolutionProperties) = preSolution
		HideSolutionNode = FALSE
	EndGlobalSection
	GlobalSection(ExtensibilityGlobals) = postSolution
		SolutionGuid = {D522B42D-9CEA-4EA7-A02B-7F17DDE83588}
	EndGlobalSection
EndGlobal
